
Microsoft Visual Studio Solution File, Format Version 9.00
# Visual Studio 2005
Project("{8BC9CEB8-8B4A-11D0-8D11-00A0C91BC942}") = "sqlite3", "sqlite3\sqlite3.vcproj", "{16932C48-C523-4151-8AEC-0CC81EFAA2FA}"
EndProject
Project("{8BC9CEB8-8B4A-11D0-8D11-00A0C91BC942}") = "sqlitepp", "sqlitepp\sqlitepp.vcproj", "{B4B36BFA-8145-4729-8174-C2415AD7E0B4}"
EndProject
Project("{8BC9CEB8-8B4A-11D0-8D11-00A0C91BC942}") = "dal", "dal\dal.vcproj", "{2FE24608-80A3-4BCD-AF3C-EAFE09F02001}"
EndProject
Project("{8BC9CEB8-8B4A-11D0-8D11-00A0C91BC942}") = "acq", "acq\acq.vcproj", "{B333EF8E-CC67-45EC-9439-6FA3E73A2FAD}"
EndProject
Global
	GlobalSection(SolutionConfigurationPlatforms) = preSolution
		Debug|CHSINT SDK For WinCE 6.0 (ARMV4I) = Debug|CHSINT SDK For WinCE 6.0 (ARMV4I)
		Debug|Pocket PC 2003 (ARMV4) = Debug|Pocket PC 2003 (ARMV4)
		Debug|TQ2440A_SDK (ARMV4I) = Debug|TQ2440A_SDK (ARMV4I)
		Release|CHSINT SDK For WinCE 6.0 (ARMV4I) = Release|CHSINT SDK For WinCE 6.0 (ARMV4I)
		Release|Pocket PC 2003 (ARMV4) = Release|Pocket PC 2003 (ARMV4)
		Release|TQ2440A_SDK (ARMV4I) = Release|TQ2440A_SDK (ARMV4I)
	EndGlobalSection
	GlobalSection(ProjectConfigurationPlatforms) = postSolution
		{16932C48-C523-4151-8AEC-0CC81EFAA2FA}.Debug|CHSINT SDK For WinCE 6.0 (ARMV4I).ActiveCfg = Debug|CHSINT SDK For WinCE 6.0 (ARMV4I)
		{16932C48-C523-4151-8AEC-0CC81EFAA2FA}.Debug|CHSINT SDK For WinCE 6.0 (ARMV4I).Build.0 = Debug|CHSINT SDK For WinCE 6.0 (ARMV4I)
		{16932C48-C523-4151-8AEC-0CC81EFAA2FA}.Debug|CHSINT SDK For WinCE 6.0 (ARMV4I).Deploy.0 = Debug|CHSINT SDK For WinCE 6.0 (ARMV4I)
		{16932C48-C523-4151-8AEC-0CC81EFAA2FA}.Debug|Pocket PC 2003 (ARMV4).ActiveCfg = Debug|TQ2440A_SDK (ARMV4I)
		{16932C48-C523-4151-8AEC-0CC81EFAA2FA}.Debug|TQ2440A_SDK (ARMV4I).ActiveCfg = Debug|TQ2440A_SDK (ARMV4I)
		{16932C48-C523-4151-8AEC-0CC81EFAA2FA}.Debug|TQ2440A_SDK (ARMV4I).Build.0 = Debug|TQ2440A_SDK (ARMV4I)
		{16932C48-C523-4151-8AEC-0CC81EFAA2FA}.Debug|TQ2440A_SDK (ARMV4I).Deploy.0 = Debug|TQ2440A_SDK (ARMV4I)
		{16932C48-C523-4151-8AEC-0CC81EFAA2FA}.Release|CHSINT SDK For WinCE 6.0 (ARMV4I).ActiveCfg = Release|CHSINT SDK For WinCE 6.0 (ARMV4I)
		{16932C48-C523-4151-8AEC-0CC81EFAA2FA}.Release|CHSINT SDK For WinCE 6.0 (ARMV4I).Build.0 = Release|CHSINT SDK For WinCE 6.0 (ARMV4I)
		{16932C48-C523-4151-8AEC-0CC81EFAA2FA}.Release|CHSINT SDK For WinCE 6.0 (ARMV4I).Deploy.0 = Release|CHSINT SDK For WinCE 6.0 (ARMV4I)
		{16932C48-C523-4151-8AEC-0CC81EFAA2FA}.Release|Pocket PC 2003 (ARMV4).ActiveCfg = Release|TQ2440A_SDK (ARMV4I)
		{16932C48-C523-4151-8AEC-0CC81EFAA2FA}.Release|TQ2440A_SDK (ARMV4I).ActiveCfg = Release|TQ2440A_SDK (ARMV4I)
		{16932C48-C523-4151-8AEC-0CC81EFAA2FA}.Release|TQ2440A_SDK (ARMV4I).Build.0 = Release|TQ2440A_SDK (ARMV4I)
		{16932C48-C523-4151-8AEC-0CC81EFAA2FA}.Release|TQ2440A_SDK (ARMV4I).Deploy.0 = Release|TQ2440A_SDK (ARMV4I)
		{B4B36BFA-8145-4729-8174-C2415AD7E0B4}.Debug|CHSINT SDK For WinCE 6.0 (ARMV4I).ActiveCfg = Debug|CHSINT SDK For WinCE 6.0 (ARMV4I)
		{B4B36BFA-8145-4729-8174-C2415AD7E0B4}.Debug|CHSINT SDK For WinCE 6.0 (ARMV4I).Build.0 = Debug|CHSINT SDK For WinCE 6.0 (ARMV4I)
		{B4B36BFA-8145-4729-8174-C2415AD7E0B4}.Debug|CHSINT SDK For WinCE 6.0 (ARMV4I).Deploy.0 = Debug|CHSINT SDK For WinCE 6.0 (ARMV4I)
		{B4B36BFA-8145-4729-8174-C2415AD7E0B4}.Debug|Pocket PC 2003 (ARMV4).ActiveCfg = Debug|CHSINT SDK For WinCE 6.0 (ARMV4I)
		{B4B36BFA-8145-4729-8174-C2415AD7E0B4}.Debug|TQ2440A_SDK (ARMV4I).ActiveCfg = Debug|TQ2440A_SDK (ARMV4I)
		{B4B36BFA-8145-4729-8174-C2415AD7E0B4}.Debug|TQ2440A_SDK (ARMV4I).Build.0 = Debug|TQ2440A_SDK (ARMV4I)
		{B4B36BFA-8145-4729-8174-C2415AD7E0B4}.Debug|TQ2440A_SDK (ARMV4I).Deploy.0 = Debug|TQ2440A_SDK (ARMV4I)
		{B4B36BFA-8145-4729-8174-C2415AD7E0B4}.Release|CHSINT SDK For WinCE 6.0 (ARMV4I).ActiveCfg = Release|CHSINT SDK For WinCE 6.0 (ARMV4I)
		{B4B36BFA-8145-4729-8174-C2415AD7E0B4}.Release|CHSINT SDK For WinCE 6.0 (ARMV4I).Build.0 = Release|CHSINT SDK For WinCE 6.0 (ARMV4I)
		{B4B36BFA-8145-4729-8174-C2415AD7E0B4}.Release|CHSINT SDK For WinCE 6.0 (ARMV4I).Deploy.0 = Release|CHSINT SDK For WinCE 6.0 (ARMV4I)
		{B4B36BFA-8145-4729-8174-C2415AD7E0B4}.Release|Pocket PC 2003 (ARMV4).ActiveCfg = Release|CHSINT SDK For WinCE 6.0 (ARMV4I)
		{B4B36BFA-8145-4729-8174-C2415AD7E0B4}.Release|TQ2440A_SDK (ARMV4I).ActiveCfg = Release|TQ2440A_SDK (ARMV4I)
		{B4B36BFA-8145-4729-8174-C2415AD7E0B4}.Release|TQ2440A_SDK (ARMV4I).Build.0 = Release|TQ2440A_SDK (ARMV4I)
		{B4B36BFA-8145-4729-8174-C2415AD7E0B4}.Release|TQ2440A_SDK (ARMV4I).Deploy.0 = Release|TQ2440A_SDK (ARMV4I)
		{2FE24608-80A3-4BCD-AF3C-EAFE09F02001}.Debug|CHSINT SDK For WinCE 6.0 (ARMV4I).ActiveCfg = Debug|CHSINT SDK For WinCE 6.0 (ARMV4I)
		{2FE24608-80A3-4BCD-AF3C-EAFE09F02001}.Debug|CHSINT SDK For WinCE 6.0 (ARMV4I).Build.0 = Debug|CHSINT SDK For WinCE 6.0 (ARMV4I)
		{2FE24608-80A3-4BCD-AF3C-EAFE09F02001}.Debug|CHSINT SDK For WinCE 6.0 (ARMV4I).Deploy.0 = Debug|CHSINT SDK For WinCE 6.0 (ARMV4I)
		{2FE24608-80A3-4BCD-AF3C-EAFE09F02001}.Debug|Pocket PC 2003 (ARMV4).ActiveCfg = Debug|TQ2440A_SDK (ARMV4I)
		{2FE24608-80A3-4BCD-AF3C-EAFE09F02001}.Debug|TQ2440A_SDK (ARMV4I).ActiveCfg = Debug|TQ2440A_SDK (ARMV4I)
		{2FE24608-80A3-4BCD-AF3C-EAFE09F02001}.Debug|TQ2440A_SDK (ARMV4I).Build.0 = Debug|TQ2440A_SDK (ARMV4I)
		{2FE24608-80A3-4BCD-AF3C-EAFE09F02001}.Debug|TQ2440A_SDK (ARMV4I).Deploy.0 = Debug|TQ2440A_SDK (ARMV4I)
		{2FE24608-80A3-4BCD-AF3C-EAFE09F02001}.Release|CHSINT SDK For WinCE 6.0 (ARMV4I).ActiveCfg = Release|CHSINT SDK For WinCE 6.0 (ARMV4I)
		{2FE24608-80A3-4BCD-AF3C-EAFE09F02001}.Release|CHSINT SDK For WinCE 6.0 (ARMV4I).Build.0 = Release|CHSINT SDK For WinCE 6.0 (ARMV4I)
		{2FE24608-80A3-4BCD-AF3C-EAFE09F02001}.Release|CHSINT SDK For WinCE 6.0 (ARMV4I).Deploy.0 = Release|CHSINT SDK For WinCE 6.0 (ARMV4I)
		{2FE24608-80A3-4BCD-AF3C-EAFE09F02001}.Release|Pocket PC 2003 (ARMV4).ActiveCfg = Release|TQ2440A_SDK (ARMV4I)
		{2FE24608-80A3-4BCD-AF3C-EAFE09F02001}.Release|TQ2440A_SDK (ARMV4I).ActiveCfg = Release|TQ2440A_SDK (ARMV4I)
		{2FE24608-80A3-4BCD-AF3C-EAFE09F02001}.Release|TQ2440A_SDK (ARMV4I).Build.0 = Release|TQ2440A_SDK (ARMV4I)
		{2FE24608-80A3-4BCD-AF3C-EAFE09F02001}.Release|TQ2440A_SDK (ARMV4I).Deploy.0 = Release|TQ2440A_SDK (ARMV4I)
		{B333EF8E-CC67-45EC-9439-6FA3E73A2FAD}.Debug|CHSINT SDK For WinCE 6.0 (ARMV4I).ActiveCfg = Debug|CHSINT SDK For WinCE 6.0 (ARMV4I)
		{B333EF8E-CC67-45EC-9439-6FA3E73A2FAD}.Debug|CHSINT SDK For WinCE 6.0 (ARMV4I).Build.0 = Debug|CHSINT SDK For WinCE 6.0 (ARMV4I)
		{B333EF8E-CC67-45EC-9439-6FA3E73A2FAD}.Debug|CHSINT SDK For WinCE 6.0 (ARMV4I).Deploy.0 = Debug|CHSINT SDK For WinCE 6.0 (ARMV4I)
		{B333EF8E-CC67-45EC-9439-6FA3E73A2FAD}.Debug|Pocket PC 2003 (ARMV4).ActiveCfg = Debug|TQ2440A_SDK (ARMV4I)
		{B333EF8E-CC67-45EC-9439-6FA3E73A2FAD}.Debug|TQ2440A_SDK (ARMV4I).ActiveCfg = Debug|TQ2440A_SDK (ARMV4I)
		{B333EF8E-CC67-45EC-9439-6FA3E73A2FAD}.Debug|TQ2440A_SDK (ARMV4I).Build.0 = Debug|TQ2440A_SDK (ARMV4I)
		{B333EF8E-CC67-45EC-9439-6FA3E73A2FAD}.Debug|TQ2440A_SDK (ARMV4I).Deploy.0 = Debug|TQ2440A_SDK (ARMV4I)
		{B333EF8E-CC67-45EC-9439-6FA3E73A2FAD}.Release|CHSINT SDK For WinCE 6.0 (ARMV4I).ActiveCfg = Release|CHSINT SDK For WinCE 6.0 (ARMV4I)
		{B333EF8E-CC67-45EC-9439-6FA3E73A2FAD}.Release|CHSINT SDK For WinCE 6.0 (ARMV4I).Build.0 = Release|CHSINT SDK For WinCE 6.0 (ARMV4I)
		{B333EF8E-CC67-45EC-9439-6FA3E73A2FAD}.Release|CHSINT SDK For WinCE 6.0 (ARMV4I).Deploy.0 = Release|CHSINT SDK For WinCE 6.0 (ARMV4I)
		{B333EF8E-CC67-45EC-9439-6FA3E73A2FAD}.Release|Pocket PC 2003 (ARMV4).ActiveCfg = Release|TQ2440A_SDK (ARMV4I)
		{B333EF8E-CC67-45EC-9439-6FA3E73A2FAD}.Release|TQ2440A_SDK (ARMV4I).ActiveCfg = Release|TQ2440A_SDK (ARMV4I)
		{B333EF8E-CC67-45EC-9439-6FA3E73A2FAD}.Release|TQ2440A_SDK (ARMV4I).Build.0 = Release|TQ2440A_SDK (ARMV4I)
		{B333EF8E-CC67-45EC-9439-6FA3E73A2FAD}.Release|TQ2440A_SDK (ARMV4I).Deploy.0 = Release|TQ2440A_SDK (ARMV4I)
	EndGlobalSection
	GlobalSection(SolutionProperties) = preSolution
		HideSolutionNode = FALSE
	EndGlobalSection
EndGlobal
